// !$*UTF8*$!
{
	archiveVersion = 1;
	classes = {
	};
	objectVersion = 56;
	objects = {

/* Begin PBXBuildFile section */
		7C5A97C32A7862CE00B0392B /* QuizGameApp.swift in Sources */ = {isa = PBXBuildFile; fileRef = 7C5A97C22A7862CE00B0392B /* QuizGameApp.swift */; };
		7C5A97C52A7862CE00B0392B /* ContentView.swift in Sources */ = {isa = PBXBuildFile; fileRef = 7C5A97C42A7862CE00B0392B /* ContentView.swift */; };
		7C5A97C72A7862CF00B0392B /* Assets.xcassets in Resources */ = {isa = PBXBuildFile; fileRef = 7C5A97C62A7862CF00B0392B /* Assets.xcassets */; };
		7C5A97CA2A7862CF00B0392B /* Preview Assets.xcassets in Resources */ = {isa = PBXBuildFile; fileRef = 7C5A97C92A7862CF00B0392B /* Preview Assets.xcassets */; };
		7CAB497A2A7948A800055C32 /* Sorter.swift in Sources */ = {isa = PBXBuildFile; fileRef = 7CAB49792A7948A800055C32 /* Sorter.swift */; };
		7CAB497D2A7A916900055C32 /* BubbleSorter.swift in Sources */ = {isa = PBXBuildFile; fileRef = 7CAB497C2A7A916900055C32 /* BubbleSorter.swift */; };
		7CAB497F2A7A93F100055C32 /* SelectionSorter.swift in Sources */ = {isa = PBXBuildFile; fileRef = 7CAB497E2A7A93F100055C32 /* SelectionSorter.swift */; };
		7CAB49812A7A9B4C00055C32 /* InsertionSorter.swift in Sources */ = {isa = PBXBuildFile; fileRef = 7CAB49802A7A9B4C00055C32 /* InsertionSorter.swift */; };
		7CAB49832A7AD36600055C32 /* MergeSorter.swift in Sources */ = {isa = PBXBuildFile; fileRef = 7CAB49822A7AD36600055C32 /* MergeSorter.swift */; };
		7CAB49852A7AD46900055C32 /* QuickSorter.swift in Sources */ = {isa = PBXBuildFile; fileRef = 7CAB49842A7AD46900055C32 /* QuickSorter.swift */; };
		7CAB49872A7AD4C700055C32 /* RandomQuickSort.swift in Sources */ = {isa = PBXBuildFile; fileRef = 7CAB49862A7AD4C700055C32 /* RandomQuickSort.swift */; };
		7CAB498B2A7AD65500055C32 /* QuickSorter3.swift in Sources */ = {isa = PBXBuildFile; fileRef = 7CAB498A2A7AD65500055C32 /* QuickSorter3.swift */; };
		7CAB498D2A7BCE2D00055C32 /* GeometryComponent.swift in Sources */ = {isa = PBXBuildFile; fileRef = 7CAB498C2A7BCE2D00055C32 /* GeometryComponent.swift */; };
		7CAB49902A7BE57400055C32 /* SortingExampleView.swift in Sources */ = {isa = PBXBuildFile; fileRef = 7CAB498F2A7BE57400055C32 /* SortingExampleView.swift */; };
		7CAB49932A7BE60F00055C32 /* SortingExampleViewModel.swift in Sources */ = {isa = PBXBuildFile; fileRef = 7CAB49922A7BE60F00055C32 /* SortingExampleViewModel.swift */; };
		7CAB49952A7BE77B00055C32 /* MenuView.swift in Sources */ = {isa = PBXBuildFile; fileRef = 7CAB49942A7BE77B00055C32 /* MenuView.swift */; };
		7CAB49972A7BE7B700055C32 /* MenuViewModel.swift in Sources */ = {isa = PBXBuildFile; fileRef = 7CAB49962A7BE7B700055C32 /* MenuViewModel.swift */; };
		7CE669922A7D261700A82EED /* QuizView.swift in Sources */ = {isa = PBXBuildFile; fileRef = 7CE669912A7D261700A82EED /* QuizView.swift */; };
		7CE669942A7D267600A82EED /* QuizViewModel.swift in Sources */ = {isa = PBXBuildFile; fileRef = 7CE669932A7D267600A82EED /* QuizViewModel.swift */; };
		7CE669962A7D353100A82EED /* AnswersCardView.swift in Sources */ = {isa = PBXBuildFile; fileRef = 7CE669952A7D353100A82EED /* AnswersCardView.swift */; };
/* End PBXBuildFile section */

/* Begin PBXFileReference section */
		7C5A97BF2A7862CE00B0392B /* QuizGame.app */ = {isa = PBXFileReference; explicitFileType = wrapper.application; includeInIndex = 0; path = QuizGame.app; sourceTree = BUILT_PRODUCTS_DIR; };
		7C5A97C22A7862CE00B0392B /* QuizGameApp.swift */ = {isa = PBXFileReference; lastKnownFileType = sourcecode.swift; path = QuizGameApp.swift; sourceTree = "<group>"; };
		7C5A97C42A7862CE00B0392B /* ContentView.swift */ = {isa = PBXFileReference; lastKnownFileType = sourcecode.swift; path = ContentView.swift; sourceTree = "<group>"; };
		7C5A97C62A7862CF00B0392B /* Assets.xcassets */ = {isa = PBXFileReference; lastKnownFileType = folder.assetcatalog; path = Assets.xcassets; sourceTree = "<group>"; };
		7C5A97C92A7862CF00B0392B /* Preview Assets.xcassets */ = {isa = PBXFileReference; lastKnownFileType = folder.assetcatalog; path = "Preview Assets.xcassets"; sourceTree = "<group>"; };
		7CAB49792A7948A800055C32 /* Sorter.swift */ = {isa = PBXFileReference; lastKnownFileType = sourcecode.swift; path = Sorter.swift; sourceTree = "<group>"; };
		7CAB497C2A7A916900055C32 /* BubbleSorter.swift */ = {isa = PBXFileReference; lastKnownFileType = sourcecode.swift; path = BubbleSorter.swift; sourceTree = "<group>"; };
		7CAB497E2A7A93F100055C32 /* SelectionSorter.swift */ = {isa = PBXFileReference; lastKnownFileType = sourcecode.swift; path = SelectionSorter.swift; sourceTree = "<group>"; };
		7CAB49802A7A9B4C00055C32 /* InsertionSorter.swift */ = {isa = PBXFileReference; lastKnownFileType = sourcecode.swift; path = InsertionSorter.swift; sourceTree = "<group>"; };
		7CAB49822A7AD36600055C32 /* MergeSorter.swift */ = {isa = PBXFileReference; lastKnownFileType = sourcecode.swift; path = MergeSorter.swift; sourceTree = "<group>"; };
		7CAB49842A7AD46900055C32 /* QuickSorter.swift */ = {isa = PBXFileReference; lastKnownFileType = sourcecode.swift; path = QuickSorter.swift; sourceTree = "<group>"; };
		7CAB49862A7AD4C700055C32 /* RandomQuickSort.swift */ = {isa = PBXFileReference; lastKnownFileType = sourcecode.swift; path = RandomQuickSort.swift; sourceTree = "<group>"; };
		7CAB498A2A7AD65500055C32 /* QuickSorter3.swift */ = {isa = PBXFileReference; lastKnownFileType = sourcecode.swift; path = QuickSorter3.swift; sourceTree = "<group>"; };
		7CAB498C2A7BCE2D00055C32 /* GeometryComponent.swift */ = {isa = PBXFileReference; lastKnownFileType = sourcecode.swift; path = GeometryComponent.swift; sourceTree = "<group>"; };
		7CAB498F2A7BE57400055C32 /* SortingExampleView.swift */ = {isa = PBXFileReference; lastKnownFileType = sourcecode.swift; path = SortingExampleView.swift; sourceTree = "<group>"; };
		7CAB49922A7BE60F00055C32 /* SortingExampleViewModel.swift */ = {isa = PBXFileReference; lastKnownFileType = sourcecode.swift; path = SortingExampleViewModel.swift; sourceTree = "<group>"; };
		7CAB49942A7BE77B00055C32 /* MenuView.swift */ = {isa = PBXFileReference; lastKnownFileType = sourcecode.swift; path = MenuView.swift; sourceTree = "<group>"; };
		7CAB49962A7BE7B700055C32 /* MenuViewModel.swift */ = {isa = PBXFileReference; lastKnownFileType = sourcecode.swift; path = MenuViewModel.swift; sourceTree = "<group>"; };
		7CE669912A7D261700A82EED /* QuizView.swift */ = {isa = PBXFileReference; lastKnownFileType = sourcecode.swift; path = QuizView.swift; sourceTree = "<group>"; };
		7CE669932A7D267600A82EED /* QuizViewModel.swift */ = {isa = PBXFileReference; lastKnownFileType = sourcecode.swift; path = QuizViewModel.swift; sourceTree = "<group>"; };
		7CE669952A7D353100A82EED /* AnswersCardView.swift */ = {isa = PBXFileReference; lastKnownFileType = sourcecode.swift; path = AnswersCardView.swift; sourceTree = "<group>"; };
/* End PBXFileReference section */

/* Begin PBXFrameworksBuildPhase section */
		7C5A97BC2A7862CE00B0392B /* Frameworks */ = {
			isa = PBXFrameworksBuildPhase;
			buildActionMask = 2147483647;
			files = (
			);
			runOnlyForDeploymentPostprocessing = 0;
		};
/* End PBXFrameworksBuildPhase section */

/* Begin PBXGroup section */
		7C5A97B62A7862CE00B0392B = {
			isa = PBXGroup;
			children = (
				7C5A97C12A7862CE00B0392B /* QuizGame */,
				7C5A97C02A7862CE00B0392B /* Products */,
			);
			sourceTree = "<group>";
		};
		7C5A97C02A7862CE00B0392B /* Products */ = {
			isa = PBXGroup;
			children = (
				7C5A97BF2A7862CE00B0392B /* QuizGame.app */,
			);
			name = Products;
			sourceTree = "<group>";
		};
		7C5A97C12A7862CE00B0392B /* QuizGame */ = {
			isa = PBXGroup;
			children = (
				7CAB49912A7BE5EE00055C32 /* ViewModels */,
				7CAB498E2A7BE55300055C32 /* Views */,
				7CAB497B2A7A915800055C32 /* Sorters */,
				7C5A97C22A7862CE00B0392B /* QuizGameApp.swift */,
				7C5A97C42A7862CE00B0392B /* ContentView.swift */,
				7C5A97C62A7862CF00B0392B /* Assets.xcassets */,
				7C5A97C82A7862CF00B0392B /* Preview Content */,
				7CAB49792A7948A800055C32 /* Sorter.swift */,
				7CAB498C2A7BCE2D00055C32 /* GeometryComponent.swift */,
			);
			path = QuizGame;
			sourceTree = "<group>";
		};
		7C5A97C82A7862CF00B0392B /* Preview Content */ = {
			isa = PBXGroup;
			children = (
				7C5A97C92A7862CF00B0392B /* Preview Assets.xcassets */,
			);
			path = "Preview Content";
			sourceTree = "<group>";
		};
		7CAB497B2A7A915800055C32 /* Sorters */ = {
			isa = PBXGroup;
			children = (
				7CAB497C2A7A916900055C32 /* BubbleSorter.swift */,
				7CAB497E2A7A93F100055C32 /* SelectionSorter.swift */,
				7CAB49802A7A9B4C00055C32 /* InsertionSorter.swift */,
				7CAB49822A7AD36600055C32 /* MergeSorter.swift */,
				7CAB49842A7AD46900055C32 /* QuickSorter.swift */,
				7CAB49862A7AD4C700055C32 /* RandomQuickSort.swift */,
				7CAB498A2A7AD65500055C32 /* QuickSorter3.swift */,
			);
			path = Sorters;
			sourceTree = "<group>";
		};
		7CAB498E2A7BE55300055C32 /* Views */ = {
			isa = PBXGroup;
			children = (
				7CAB498F2A7BE57400055C32 /* SortingExampleView.swift */,
				7CAB49942A7BE77B00055C32 /* MenuView.swift */,
				7CE669912A7D261700A82EED /* QuizView.swift */,
				7CE669952A7D353100A82EED /* AnswersCardView.swift */,
			);
			path = Views;
			sourceTree = "<group>";
		};
		7CAB49912A7BE5EE00055C32 /* ViewModels */ = {
			isa = PBXGroup;
			children = (
				7CAB49922A7BE60F00055C32 /* SortingExampleViewModel.swift */,
				7CAB49962A7BE7B700055C32 /* MenuViewModel.swift */,
				7CE669932A7D267600A82EED /* QuizViewModel.swift */,
			);
			path = ViewModels;
			sourceTree = "<group>";
		};
/* End PBXGroup section */

/* Begin PBXNativeTarget section */
		7C5A97BE2A7862CE00B0392B /* QuizGame */ = {
			isa = PBXNativeTarget;
			buildConfigurationList = 7C5A97CD2A7862CF00B0392B /* Build configuration list for PBXNativeTarget "QuizGame" */;
			buildPhases = (
				7C5A97BB2A7862CE00B0392B /* Sources */,
				7C5A97BC2A7862CE00B0392B /* Frameworks */,
				7C5A97BD2A7862CE00B0392B /* Resources */,
			);
			buildRules = (
			);
			dependencies = (
			);
			name = QuizGame;
			productName = QuizGame;
			productReference = 7C5A97BF2A7862CE00B0392B /* QuizGame.app */;
			productType = "com.apple.product-type.application";
		};
/* End PBXNativeTarget section */

/* Begin PBXProject section */
		7C5A97B72A7862CE00B0392B /* Project object */ = {
			isa = PBXProject;
			attributes = {
				BuildIndependentTargetsInParallel = 1;
				LastSwiftUpdateCheck = 1430;
				LastUpgradeCheck = 1430;
				TargetAttributes = {
					7C5A97BE2A7862CE00B0392B = {
						CreatedOnToolsVersion = 14.3.1;
					};
				};
			};
			buildConfigurationList = 7C5A97BA2A7862CE00B0392B /* Build configuration list for PBXProject "QuizGame" */;
			compatibilityVersion = "Xcode 14.0";
			developmentRegion = en;
			hasScannedForEncodings = 0;
			knownRegions = (
				en,
				Base,
			);
			mainGroup = 7C5A97B62A7862CE00B0392B;
			productRefGroup = 7C5A97C02A7862CE00B0392B /* Products */;
			projectDirPath = "";
			projectRoot = "";
			targets = (
				7C5A97BE2A7862CE00B0392B /* QuizGame */,
			);
		};
/* End PBXProject section */

/* Begin PBXResourcesBuildPhase section */
		7C5A97BD2A7862CE00B0392B /* Resources */ = {
			isa = PBXResourcesBuildPhase;
			buildActionMask = 2147483647;
			files = (
				7C5A97CA2A7862CF00B0392B /* Preview Assets.xcassets in Resources */,
				7C5A97C72A7862CF00B0392B /* Assets.xcassets in Resources */,
			);
			runOnlyForDeploymentPostprocessing = 0;
		};
/* End PBXResourcesBuildPhase section */

/* Begin PBXSourcesBuildPhase section */
		7C5A97BB2A7862CE00B0392B /* Sources */ = {
			isa = PBXSourcesBuildPhase;
			buildActionMask = 2147483647;
			files = (
				7CAB497D2A7A916900055C32 /* BubbleSorter.swift in Sources */,
				7CAB49872A7AD4C700055C32 /* RandomQuickSort.swift in Sources */,
				7CAB498B2A7AD65500055C32 /* QuickSorter3.swift in Sources */,
				7CAB49972A7BE7B700055C32 /* MenuViewModel.swift in Sources */,
				7C5A97C52A7862CE00B0392B /* ContentView.swift in Sources */,
				7CAB49832A7AD36600055C32 /* MergeSorter.swift in Sources */,
				7CAB49932A7BE60F00055C32 /* SortingExampleViewModel.swift in Sources */,
				7CAB497A2A7948A800055C32 /* Sorter.swift in Sources */,
				7CAB49952A7BE77B00055C32 /* MenuView.swift in Sources */,
				7CAB49852A7AD46900055C32 /* QuickSorter.swift in Sources */,
				7C5A97C32A7862CE00B0392B /* QuizGameApp.swift in Sources */,
				7CAB498D2A7BCE2D00055C32 /* GeometryComponent.swift in Sources */,
				7CAB49902A7BE57400055C32 /* SortingExampleView.swift in Sources */,
				7CE669922A7D261700A82EED /* QuizView.swift in Sources */,
				7CE669942A7D267600A82EED /* QuizViewModel.swift in Sources */,
				7CAB49812A7A9B4C00055C32 /* InsertionSorter.swift in Sources */,
				7CE669962A7D353100A82EED /* AnswersCardView.swift in Sources */,
				7CAB497F2A7A93F100055C32 /* SelectionSorter.swift in Sources */,
			);
			runOnlyForDeploymentPostprocessing = 0;
		};
/* End PBXSourcesBuildPhase section */

/* Begin XCBuildConfiguration section */
		7C5A97CB2A7862CF00B0392B /* Debug */ = {
			isa = XCBuildConfiguration;
			buildSettings = {
				ALWAYS_SEARCH_USER_PATHS = NO;
				CLANG_ANALYZER_NONNULL = YES;
				CLANG_ANALYZER_NUMBER_OBJECT_CONVERSION = YES_AGGRESSIVE;
				CLANG_CXX_LANGUAGE_STANDARD = "gnu++20";
				CLANG_ENABLE_MODULES = YES;
				CLANG_ENABLE_OBJC_ARC = YES;
				CLANG_ENABLE_OBJC_WEAK = YES;
				CLANG_WARN_BLOCK_CAPTURE_AUTORELEASING = YES;
				CLANG_WARN_BOOL_CONVERSION = YES;
				CLANG_WARN_COMMA = YES;
				CLANG_WARN_CONSTANT_CONVERSION = YES;
				CLANG_WARN_DEPRECATED_OBJC_IMPLEMENTATIONS = YES;
				CLANG_WARN_DIRECT_OBJC_ISA_USAGE = YES_ERROR;
				CLANG_WARN_DOCUMENTATION_COMMENTS = YES;
				CLANG_WARN_EMPTY_BODY = YES;
				CLANG_WARN_ENUM_CONVERSION = YES;
				CLANG_WARN_INFINITE_RECURSION = YES;
				CLANG_WARN_INT_CONVERSION = YES;
				CLANG_WARN_NON_LITERAL_NULL_CONVERSION = YES;
				CLANG_WARN_OBJC_IMPLICIT_RETAIN_SELF = YES;
				CLANG_WARN_OBJC_LITERAL_CONVERSION = YES;
				CLANG_WARN_OBJC_ROOT_CLASS = YES_ERROR;
				CLANG_WARN_QUOTED_INCLUDE_IN_FRAMEWORK_HEADER = YES;
				CLANG_WARN_RANGE_LOOP_ANALYSIS = YES;
				CLANG_WARN_STRICT_PROTOTYPES = YES;
				CLANG_WARN_SUSPICIOUS_MOVE = YES;
				CLANG_WARN_UNGUARDED_AVAILABILITY = YES_AGGRESSIVE;
				CLANG_WARN_UNREACHABLE_CODE = YES;
				CLANG_WARN__DUPLICATE_METHOD_MATCH = YES;
				COPY_PHASE_STRIP = NO;
				DEBUG_INFORMATION_FORMAT = dwarf;
				ENABLE_STRICT_OBJC_MSGSEND = YES;
				ENABLE_TESTABILITY = YES;
				GCC_C_LANGUAGE_STANDARD = gnu11;
				GCC_DYNAMIC_NO_PIC = NO;
				GCC_NO_COMMON_BLOCKS = YES;
				GCC_OPTIMIZATION_LEVEL = 0;
				GCC_PREPROCESSOR_DEFINITIONS = (
					"DEBUG=1",
					"$(inherited)",
				);
				GCC_WARN_64_TO_32_BIT_CONVERSION = YES;
				GCC_WARN_ABOUT_RETURN_TYPE = YES_ERROR;
				GCC_WARN_UNDECLARED_SELECTOR = YES;
				GCC_WARN_UNINITIALIZED_AUTOS = YES_AGGRESSIVE;
				GCC_WARN_UNUSED_FUNCTION = YES;
				GCC_WARN_UNUSED_VARIABLE = YES;
				IPHONEOS_DEPLOYMENT_TARGET = 16.4;
				MTL_ENABLE_DEBUG_INFO = INCLUDE_SOURCE;
				MTL_FAST_MATH = YES;
				ONLY_ACTIVE_ARCH = YES;
				SDKROOT = iphoneos;
				SWIFT_ACTIVE_COMPILATION_CONDITIONS = DEBUG;
				SWIFT_OPTIMIZATION_LEVEL = "-Onone";
			};
			name = Debug;
		};
		7C5A97CC2A7862CF00B0392B /* Release */ = {
			isa = XCBuildConfiguration;
			buildSettings = {
				ALWAYS_SEARCH_USER_PATHS = NO;
				CLANG_ANALYZER_NONNULL = YES;
				CLANG_ANALYZER_NUMBER_OBJECT_CONVERSION = YES_AGGRESSIVE;
				CLANG_CXX_LANGUAGE_STANDARD = "gnu++20";
				CLANG_ENABLE_MODULES = YES;
				CLANG_ENABLE_OBJC_ARC = YES;
				CLANG_ENABLE_OBJC_WEAK = YES;
				CLANG_WARN_BLOCK_CAPTURE_AUTORELEASING = YES;
				CLANG_WARN_BOOL_CONVERSION = YES;
				CLANG_WARN_COMMA = YES;
				CLANG_WARN_CONSTANT_CONVERSION = YES;
				CLANG_WARN_DEPRECATED_OBJC_IMPLEMENTATIONS = YES;
				CLANG_WARN_DIRECT_OBJC_ISA_USAGE = YES_ERROR;
				CLANG_WARN_DOCUMENTATION_COMMENTS = YES;
				CLANG_WARN_EMPTY_BODY = YES;
				CLANG_WARN_ENUM_CONVERSION = YES;
				CLANG_WARN_INFINITE_RECURSION = YES;
				CLANG_WARN_INT_CONVERSION = YES;
				CLANG_WARN_NON_LITERAL_NULL_CONVERSION = YES;
				CLANG_WARN_OBJC_IMPLICIT_RETAIN_SELF = YES;
				CLANG_WARN_OBJC_LITERAL_CONVERSION = YES;
				CLANG_WARN_OBJC_ROOT_CLASS = YES_ERROR;
				CLANG_WARN_QUOTED_INCLUDE_IN_FRAMEWORK_HEADER = YES;
				CLANG_WARN_RANGE_LOOP_ANALYSIS = YES;
				CLANG_WARN_STRICT_PROTOTYPES = YES;
				CLANG_WARN_SUSPICIOUS_MOVE = YES;
				CLANG_WARN_UNGUARDED_AVAILABILITY = YES_AGGRESSIVE;
				CLANG_WARN_UNREACHABLE_CODE = YES;
				CLANG_WARN__DUPLICATE_METHOD_MATCH = YES;
				COPY_PHASE_STRIP = NO;
				DEBUG_INFORMATION_FORMAT = "dwarf-with-dsym";
				ENABLE_NS_ASSERTIONS = NO;
				ENABLE_STRICT_OBJC_MSGSEND = YES;
				GCC_C_LANGUAGE_STANDARD = gnu11;
				GCC_NO_COMMON_BLOCKS = YES;
				GCC_WARN_64_TO_32_BIT_CONVERSION = YES;
				GCC_WARN_ABOUT_RETURN_TYPE = YES_ERROR;
				GCC_WARN_UNDECLARED_SELECTOR = YES;
				GCC_WARN_UNINITIALIZED_AUTOS = YES_AGGRESSIVE;
				GCC_WARN_UNUSED_FUNCTION = YES;
				GCC_WARN_UNUSED_VARIABLE = YES;
				IPHONEOS_DEPLOYMENT_TARGET = 16.4;
				MTL_ENABLE_DEBUG_INFO = NO;
				MTL_FAST_MATH = YES;
				SDKROOT = iphoneos;
				SWIFT_COMPILATION_MODE = wholemodule;
				SWIFT_OPTIMIZATION_LEVEL = "-O";
				VALIDATE_PRODUCT = YES;
			};
			name = Release;
		};
		7C5A97CE2A7862CF00B0392B /* Debug */ = {
			isa = XCBuildConfiguration;
			buildSettings = {
				ASSETCATALOG_COMPILER_APPICON_NAME = AppIcon;
				ASSETCATALOG_COMPILER_GLOBAL_ACCENT_COLOR_NAME = AccentColor;
				CODE_SIGN_STYLE = Automatic;
				CURRENT_PROJECT_VERSION = 1;
				DEVELOPMENT_ASSET_PATHS = "\"QuizGame/Preview Content\"";
				DEVELOPMENT_TEAM = 2FT5KGG425;
				ENABLE_PREVIEWS = YES;
				GENERATE_INFOPLIST_FILE = YES;
				INFOPLIST_KEY_UIApplicationSceneManifest_Generation = YES;
				INFOPLIST_KEY_UIApplicationSupportsIndirectInputEvents = YES;
				INFOPLIST_KEY_UILaunchScreen_Generation = YES;
				INFOPLIST_KEY_UIRequiresFullScreen = YES;
				INFOPLIST_KEY_UIStatusBarStyle = "";
				INFOPLIST_KEY_UISupportedInterfaceOrientations = UIInterfaceOrientationLandscapeRight;
				LD_RUNPATH_SEARCH_PATHS = (
					"$(inherited)",
					"@executable_path/Frameworks",
				);
				MARKETING_VERSION = 1.0;
				PRODUCT_BUNDLE_IDENTIFIER = com.gabrielokura.QuizGame;
				PRODUCT_NAME = "$(TARGET_NAME)";
				SWIFT_EMIT_LOC_STRINGS = YES;
				SWIFT_VERSION = 5.0;
				TARGETED_DEVICE_FAMILY = "1,2";
			};
			name = Debug;
		};
		7C5A97CF2A7862CF00B0392B /* Release */ = {
			isa = XCBuildConfiguration;
			buildSettings = {
				ASSETCATALOG_COMPILER_APPICON_NAME = AppIcon;
				ASSETCATALOG_COMPILER_GLOBAL_ACCENT_COLOR_NAME = AccentColor;
				CODE_SIGN_STYLE = Automatic;
				CURRENT_PROJECT_VERSION = 1;
				DEVELOPMENT_ASSET_PATHS = "\"QuizGame/Preview Content\"";
				DEVELOPMENT_TEAM = 2FT5KGG425;
				ENABLE_PREVIEWS = YES;
				GENERATE_INFOPLIST_FILE = YES;
				INFOPLIST_KEY_UIApplicationSceneManifest_Generation = YES;
				INFOPLIST_KEY_UIApplicationSupportsIndirectInputEvents = YES;
				INFOPLIST_KEY_UILaunchScreen_Generation = YES;
				INFOPLIST_KEY_UIRequiresFullScreen = YES;
				INFOPLIST_KEY_UIStatusBarStyle = "";
				INFOPLIST_KEY_UISupportedInterfaceOrientations = UIInterfaceOrientationLandscapeRight;
				LD_RUNPATH_SEARCH_PATHS = (
					"$(inherited)",
					"@executable_path/Frameworks",
				);
				MARKETING_VERSION = 1.0;
				PRODUCT_BUNDLE_IDENTIFIER = com.gabrielokura.QuizGame;
				PRODUCT_NAME = "$(TARGET_NAME)";
				SWIFT_EMIT_LOC_STRINGS = YES;
				SWIFT_VERSION = 5.0;
				TARGETED_DEVICE_FAMILY = "1,2";
			};
			name = Release;
		};
/* End XCBuildConfiguration section */

/* Begin XCConfigurationList section */
		7C5A97BA2A7862CE00B0392B /* Build configuration list for PBXProject "QuizGame" */ = {
			isa = XCConfigurationList;
			buildConfigurations = (
				7C5A97CB2A7862CF00B0392B /* Debug */,
				7C5A97CC2A7862CF00B0392B /* Release */,
			);
			defaultConfigurationIsVisible = 0;
			defaultConfigurationName = Release;
		};
		7C5A97CD2A7862CF00B0392B /* Build configuration list for PBXNativeTarget "QuizGame" */ = {
			isa = XCConfigurationList;
			buildConfigurations = (
				7C5A97CE2A7862CF00B0392B /* Debug */,
				7C5A97CF2A7862CF00B0392B /* Release */,
			);
			defaultConfigurationIsVisible = 0;
			defaultConfigurationName = Release;
		};
/* End XCConfigurationList section */
	};
	rootObject = 7C5A97B72A7862CE00B0392B /* Project object */;
}
